// !$*UTF8*$!
{
	archiveVersion = 1;
	classes = {
	};
	objectVersion = 46;
	objects = {

/* Begin PBXBuildFile section */
		1BC81EFE1DC285C80023DA40 /* AppDelegate.swift in Sources */ = {isa = PBXBuildFile; fileRef = 1BC81EFD1DC285C80023DA40 /* AppDelegate.swift */; };
		1BC81F001DC285C80023DA40 /* ViewController.swift in Sources */ = {isa = PBXBuildFile; fileRef = 1BC81EFF1DC285C80023DA40 /* ViewController.swift */; };
		1BC81F031DC285C80023DA40 /* Main.storyboard in Resources */ = {isa = PBXBuildFile; fileRef = 1BC81F011DC285C80023DA40 /* Main.storyboard */; };
		1BC81F051DC285C90023DA40 /* Assets.xcassets in Resources */ = {isa = PBXBuildFile; fileRef = 1BC81F041DC285C90023DA40 /* Assets.xcassets */; };
		1BC81F081DC285C90023DA40 /* LaunchScreen.storyboard in Resources */ = {isa = PBXBuildFile; fileRef = 1BC81F061DC285C90023DA40 /* LaunchScreen.storyboard */; };
		1BC81F131DC285C90023DA40 /* PracticingConstraintsTests.swift in Sources */ = {isa = PBXBuildFile; fileRef = 1BC81F121DC285C90023DA40 /* PracticingConstraintsTests.swift */; };
		1BC81F1E1DC285C90023DA40 /* PracticingConstraintsUITests.swift in Sources */ = {isa = PBXBuildFile; fileRef = 1BC81F1D1DC285C90023DA40 /* PracticingConstraintsUITests.swift */; };
/* End PBXBuildFile section */

/* Begin PBXContainerItemProxy section */
		1BC81F0F1DC285C90023DA40 /* PBXContainerItemProxy */ = {
			isa = PBXContainerItemProxy;
			containerPortal = 1BC81EF21DC285C80023DA40 /* Project object */;
			proxyType = 1;
			remoteGlobalIDString = 1BC81EF91DC285C80023DA40;
			remoteInfo = PracticingConstraints;
		};
		1BC81F1A1DC285C90023DA40 /* PBXContainerItemProxy */ = {
			isa = PBXContainerItemProxy;
			containerPortal = 1BC81EF21DC285C80023DA40 /* Project object */;
			proxyType = 1;
			remoteGlobalIDString = 1BC81EF91DC285C80023DA40;
			remoteInfo = PracticingConstraints;
		};
/* End PBXContainerItemProxy section */

/* Begin PBXFileReference section */
		1BC81EFA1DC285C80023DA40 /* PracticingConstraints.app */ = {isa = PBXFileReference; explicitFileType = wrapper.application; includeInIndex = 0; path = PracticingConstraints.app; sourceTree = BUILT_PRODUCTS_DIR; };
		1BC81EFD1DC285C80023DA40 /* AppDelegate.swift */ = {isa = PBXFileReference; lastKnownFileType = sourcecode.swift; path = AppDelegate.swift; sourceTree = "<group>"; };
		1BC81EFF1DC285C80023DA40 /* ViewController.swift */ = {isa = PBXFileReference; lastKnownFileType = sourcecode.swift; path = ViewController.swift; sourceTree = "<group>"; };
		1BC81F021DC285C80023DA40 /* Base */ = {isa = PBXFileReference; lastKnownFileType = file.storyboard; name = Base; path = Base.lproj/Main.storyboard; sourceTree = "<group>"; };
		1BC81F041DC285C90023DA40 /* Assets.xcassets */ = {isa = PBXFileReference; lastKnownFileType = folder.assetcatalog; path = Assets.xcassets; sourceTree = "<group>"; };
		1BC81F071DC285C90023DA40 /* Base */ = {isa = PBXFileReference; lastKnownFileType = file.storyboard; name = Base; path = Base.lproj/LaunchScreen.storyboard; sourceTree = "<group>"; };
		1BC81F091DC285C90023DA40 /* Info.plist */ = {isa = PBXFileReference; lastKnownFileType = text.plist.xml; path = Info.plist; sourceTree = "<group>"; };
		1BC81F0E1DC285C90023DA40 /* PracticingConstraintsTests.xctest */ = {isa = PBXFileReference; explicitFileType = wrapper.cfbundle; includeInIndex = 0; path = PracticingConstraintsTests.xctest; sourceTree = BUILT_PRODUCTS_DIR; };
		1BC81F121DC285C90023DA40 /* PracticingConstraintsTests.swift */ = {isa = PBXFileReference; lastKnownFileType = sourcecode.swift; path = PracticingConstraintsTests.swift; sourceTree = "<group>"; };
		1BC81F141DC285C90023DA40 /* Info.plist */ = {isa = PBXFileReference; lastKnownFileType = text.plist.xml; path = Info.plist; sourceTree = "<group>"; };
		1BC81F191DC285C90023DA40 /* PracticingConstraintsUITests.xctest */ = {isa = PBXFileReference; explicitFileType = wrapper.cfbundle; includeInIndex = 0; path = PracticingConstraintsUITests.xctest; sourceTree = BUILT_PRODUCTS_DIR; };
		1BC81F1D1DC285C90023DA40 /* PracticingConstraintsUITests.swift */ = {isa = PBXFileReference; lastKnownFileType = sourcecode.swift; path = PracticingConstraintsUITests.swift; sourceTree = "<group>"; };
		1BC81F1F1DC285C90023DA40 /* Info.plist */ = {isa = PBXFileReference; lastKnownFileType = text.plist.xml; path = Info.plist; sourceTree = "<group>"; };
/* End PBXFileReference section */

/* Begin PBXFrameworksBuildPhase section */
		1BC81EF71DC285C80023DA40 /* Frameworks */ = {
			isa = PBXFrameworksBuildPhase;
			buildActionMask = 2147483647;
			files = (
			);
			runOnlyForDeploymentPostprocessing = 0;
		};
		1BC81F0B1DC285C90023DA40 /* Frameworks */ = {
			isa = PBXFrameworksBuildPhase;
			buildActionMask = 2147483647;
			files = (
			);
			runOnlyForDeploymentPostprocessing = 0;
		};
		1BC81F161DC285C90023DA40 /* Frameworks */ = {
			isa = PBXFrameworksBuildPhase;
			buildActionMask = 2147483647;
			files = (
			);
			runOnlyForDeploymentPostprocessing = 0;
		};
/* End PBXFrameworksBuildPhase section */

/* Begin PBXGroup section */
		1BC81EF11DC285C80023DA40 = {
			isa = PBXGroup;
			children = (
				1BC81EFC1DC285C80023DA40 /* PracticingConstraints */,
				1BC81F111DC285C90023DA40 /* PracticingConstraintsTests */,
				1BC81F1C1DC285C90023DA40 /* PracticingConstraintsUITests */,
				1BC81EFB1DC285C80023DA40 /* Products */,
			);
			sourceTree = "<group>";
		};
		1BC81EFB1DC285C80023DA40 /* Products */ = {
			isa = PBXGroup;
			children = (
				1BC81EFA1DC285C80023DA40 /* PracticingConstraints.app */,
				1BC81F0E1DC285C90023DA40 /* PracticingConstraintsTests.xctest */,
				1BC81F191DC285C90023DA40 /* PracticingConstraintsUITests.xctest */,
			);
			name = Products;
			sourceTree = "<group>";
		};
		1BC81EFC1DC285C80023DA40 /* PracticingConstraints */ = {
			isa = PBXGroup;
			children = (
				1BC81EFD1DC285C80023DA40 /* AppDelegate.swift */,
				1BC81EFF1DC285C80023DA40 /* ViewController.swift */,
				1BC81F011DC285C80023DA40 /* Main.storyboard */,
				1BC81F041DC285C90023DA40 /* Assets.xcassets */,
				1BC81F061DC285C90023DA40 /* LaunchScreen.storyboard */,
				1BC81F091DC285C90023DA40 /* Info.plist */,
			);
			path = PracticingConstraints;
			sourceTree = "<group>";
		};
		1BC81F111DC285C90023DA40 /* PracticingConstraintsTests */ = {
			isa = PBXGroup;
			children = (
				1BC81F121DC285C90023DA40 /* PracticingConstraintsTests.swift */,
				1BC81F141DC285C90023DA40 /* Info.plist */,
			);
			path = PracticingConstraintsTests;
			sourceTree = "<group>";
		};
		1BC81F1C1DC285C90023DA40 /* PracticingConstraintsUITests */ = {
			isa = PBXGroup;
			children = (
				1BC81F1D1DC285C90023DA40 /* PracticingConstraintsUITests.swift */,
				1BC81F1F1DC285C90023DA40 /* Info.plist */,
			);
			path = PracticingConstraintsUITests;
			sourceTree = "<group>";
		};
/* End PBXGroup section */

/* Begin PBXNativeTarget section */
		1BC81EF91DC285C80023DA40 /* PracticingConstraints */ = {
			isa = PBXNativeTarget;
			buildConfigurationList = 1BC81F221DC285C90023DA40 /* Build configuration list for PBXNativeTarget "PracticingConstraints" */;
			buildPhases = (
				1BC81EF61DC285C80023DA40 /* Sources */,
				1BC81EF71DC285C80023DA40 /* Frameworks */,
				1BC81EF81DC285C80023DA40 /* Resources */,
			);
			buildRules = (
			);
			dependencies = (
			);
			name = PracticingConstraints;
			productName = PracticingConstraints;
			productReference = 1BC81EFA1DC285C80023DA40 /* PracticingConstraints.app */;
			productType = "com.apple.product-type.application";
		};
		1BC81F0D1DC285C90023DA40 /* PracticingConstraintsTests */ = {
			isa = PBXNativeTarget;
			buildConfigurationList = 1BC81F251DC285C90023DA40 /* Build configuration list for PBXNativeTarget "PracticingConstraintsTests" */;
			buildPhases = (
				1BC81F0A1DC285C90023DA40 /* Sources */,
				1BC81F0B1DC285C90023DA40 /* Frameworks */,
				1BC81F0C1DC285C90023DA40 /* Resources */,
			);
			buildRules = (
			);
			dependencies = (
				1BC81F101DC285C90023DA40 /* PBXTargetDependency */,
			);
			name = PracticingConstraintsTests;
			productName = PracticingConstraintsTests;
			productReference = 1BC81F0E1DC285C90023DA40 /* PracticingConstraintsTests.xctest */;
			productType = "com.apple.product-type.bundle.unit-test";
		};
		1BC81F181DC285C90023DA40 /* PracticingConstraintsUITests */ = {
			isa = PBXNativeTarget;
			buildConfigurationList = 1BC81F281DC285C90023DA40 /* Build configuration list for PBXNativeTarget "PracticingConstraintsUITests" */;
			buildPhases = (
				1BC81F151DC285C90023DA40 /* Sources */,
				1BC81F161DC285C90023DA40 /* Frameworks */,
				1BC81F171DC285C90023DA40 /* Resources */,
			);
			buildRules = (
			);
			dependencies = (
				1BC81F1B1DC285C90023DA40 /* PBXTargetDependency */,
			);
			name = PracticingConstraintsUITests;
			productName = PracticingConstraintsUITests;
			productReference = 1BC81F191DC285C90023DA40 /* PracticingConstraintsUITests.xctest */;
			productType = "com.apple.product-type.bundle.ui-testing";
		};
/* End PBXNativeTarget section */

/* Begin PBXProject section */
		1BC81EF21DC285C80023DA40 /* Project object */ = {
			isa = PBXProject;
			attributes = {
				LastSwiftUpdateCheck = 0730;
				LastUpgradeCheck = 0730;
				ORGANIZATIONNAME = "Flatiron School";
				TargetAttributes = {
					1BC81EF91DC285C80023DA40 = {
						CreatedOnToolsVersion = 7.3.1;
					};
					1BC81F0D1DC285C90023DA40 = {
						CreatedOnToolsVersion = 7.3.1;
						TestTargetID = 1BC81EF91DC285C80023DA40;
					};
					1BC81F181DC285C90023DA40 = {
						CreatedOnToolsVersion = 7.3.1;
						TestTargetID = 1BC81EF91DC285C80023DA40;
					};
				};
			};
			buildConfigurationList = 1BC81EF51DC285C80023DA40 /* Build configuration list for PBXProject "PracticingConstraints" */;
			compatibilityVersion = "Xcode 3.2";
			developmentRegion = English;
			hasScannedForEncodings = 0;
			knownRegions = (
				en,
				Base,
			);
			mainGroup = 1BC81EF11DC285C80023DA40;
			productRefGroup = 1BC81EFB1DC285C80023DA40 /* Products */;
			projectDirPath = "";
			projectRoot = "";
			targets = (
				1BC81EF91DC285C80023DA40 /* PracticingConstraints */,
				1BC81F0D1DC285C90023DA40 /* PracticingConstraintsTests */,
				1BC81F181DC285C90023DA40 /* PracticingConstraintsUITests */,
			);
		};
/* End PBXProject section */

/* Begin PBXResourcesBuildPhase section */
		1BC81EF81DC285C80023DA40 /* Resources */ = {
			isa = PBXResourcesBuildPhase;
			buildActionMask = 2147483647;
			files = (
				1BC81F081DC285C90023DA40 /* LaunchScreen.storyboard in Resources */,
				1BC81F051DC285C90023DA40 /* Assets.xcassets in Resources */,
				1BC81F031DC285C80023DA40 /* Main.storyboard in Resources */,
			);
			runOnlyForDeploymentPostprocessing = 0;
		};
		1BC81F0C1DC285C90023DA40 /* Resources */ = {
			isa = PBXResourcesBuildPhase;
			buildActionMask = 2147483647;
			files = (
			);
			runOnlyForDeploymentPostprocessing = 0;
		};
		1BC81F171DC285C90023DA40 /* Resources */ = {
			isa = PBXResourcesBuildPhase;
			buildActionMask = 2147483647;
			files = (
			);
			runOnlyForDeploymentPostprocessing = 0;
		};
/* End PBXResourcesBuildPhase section */

/* Begin PBXSourcesBuildPhase section */
		1BC81EF61DC285C80023DA40 /* Sources */ = {
			isa = PBXSourcesBuildPhase;
			buildActionMask = 2147483647;
			files = (
				1BC81F001DC285C80023DA40 /* ViewController.swift in Sources */,
				1BC81EFE1DC285C80023DA40 /* AppDelegate.swift in Sources */,
			);
			runOnlyForDeploymentPostprocessing = 0;
		};
		1BC81F0A1DC285C90023DA40 /* Sources */ = {
			isa = PBXSourcesBuildPhase;
			buildActionMask = 2147483647;
			files = (
				1BC81F131DC285C90023DA40 /* PracticingConstraintsTests.swift in Sources */,
			);
			runOnlyForDeploymentPostprocessing = 0;
		};
		1BC81F151DC285C90023DA40 /* Sources */ = {
			isa = PBXSourcesBuildPhase;
			buildActionMask = 2147483647;
			files = (
				1BC81F1E1DC285C90023DA40 /* PracticingConstraintsUITests.swift in Sources */,
			);
			runOnlyForDeploymentPostprocessing = 0;
		};
/* End PBXSourcesBuildPhase section */

/* Begin PBXTargetDependency section */
		1BC81F101DC285C90023DA40 /* PBXTargetDependency */ = {
			isa = PBXTargetDependency;
			target = 1BC81EF91DC285C80023DA40 /* PracticingConstraints */;
			targetProxy = 1BC81F0F1DC285C90023DA40 /* PBXContainerItemProxy */;
		};
		1BC81F1B1DC285C90023DA40 /* PBXTargetDependency */ = {
			isa = PBXTargetDependency;
			target = 1BC81EF91DC285C80023DA40 /* PracticingConstraints */;
			targetProxy = 1BC81F1A1DC285C90023DA40 /* PBXContainerItemProxy */;
		};
/* End PBXTargetDependency section */

/* Begin PBXVariantGroup section */
		1BC81F011DC285C80023DA40 /* Main.storyboard */ = {
			isa = PBXVariantGroup;
			children = (
				1BC81F021DC285C80023DA40 /* Base */,
			);
			name = Main.storyboard;
			sourceTree = "<group>";
		};
		1BC81F061DC285C90023DA40 /* LaunchScreen.storyboard */ = {
			isa = PBXVariantGroup;
			children = (
				1BC81F071DC285C90023DA40 /* Base */,
			);
			name = LaunchScreen.storyboard;
			sourceTree = "<group>";
		};
/* End PBXVariantGroup section */

/* Begin XCBuildConfiguration section */
		1BC81F201DC285C90023DA40 /* Debug */ = {
			isa = XCBuildConfiguration;
			buildSettings = {
				ALWAYS_SEARCH_USER_PATHS = NO;
				CLANG_ANALYZER_NONNULL = YES;
				CLANG_CXX_LANGUAGE_STANDARD = "gnu++0x";
				CLANG_CXX_LIBRARY = "libc++";
				CLANG_ENABLE_MODULES = YES;
				CLANG_ENABLE_OBJC_ARC = YES;
				CLANG_WARN_BOOL_CONVERSION = YES;
				CLANG_WARN_CONSTANT_CONVERSION = YES;
				CLANG_WARN_DIRECT_OBJC_ISA_USAGE = YES_ERROR;
				CLANG_WARN_EMPTY_BODY = YES;
				CLANG_WARN_ENUM_CONVERSION = YES;
				CLANG_WARN_INT_CONVERSION = YES;
				CLANG_WARN_OBJC_ROOT_CLASS = YES_ERROR;
				CLANG_WARN_UNREACHABLE_CODE = YES;
				CLANG_WARN__DUPLICATE_METHOD_MATCH = YES;
				"CODE_SIGN_IDENTITY[sdk=iphoneos*]" = "iPhone Developer";
				COPY_PHASE_STRIP = NO;
				DEBUG_INFORMATION_FORMAT = dwarf;
				ENABLE_STRICT_OBJC_MSGSEND = YES;
				ENABLE_TESTABILITY = YES;
				GCC_C_LANGUAGE_STANDARD = gnu99;
				GCC_DYNAMIC_NO_PIC = NO;
				GCC_NO_COMMON_BLOCKS = YES;
				GCC_OPTIMIZATION_LEVEL = 0;
				GCC_PREPROCESSOR_DEFINITIONS = (
					"DEBUG=1",
					"$(inherited)",
				);
				GCC_WARN_64_TO_32_BIT_CONVERSION = YES;
				GCC_WARN_ABOUT_RETURN_TYPE = YES_ERROR;
				GCC_WARN_UNDECLARED_SELECTOR = YES;
				GCC_WARN_UNINITIALIZED_AUTOS = YES_AGGRESSIVE;
				GCC_WARN_UNUSED_FUNCTION = YES;
				GCC_WARN_UNUSED_VARIABLE = YES;
				IPHONEOS_DEPLOYMENT_TARGET = 9.3;
				MTL_ENABLE_DEBUG_INFO = YES;
				ONLY_ACTIVE_ARCH = YES;
				SDKROOT = iphoneos;
				SWIFT_OPTIMIZATION_LEVEL = "-Onone";
			};
			name = Debug;
		};
		1BC81F211DC285C90023DA40 /* Release */ = {
			isa = XCBuildConfiguration;
			buildSettings = {
				ALWAYS_SEARCH_USER_PATHS = NO;
				CLANG_ANALYZER_NONNULL = YES;
				CLANG_CXX_LANGUAGE_STANDARD = "gnu++0x";
				CLANG_CXX_LIBRARY = "libc++";
				CLANG_ENABLE_MODULES = YES;
				CLANG_ENABLE_OBJC_ARC = YES;
				CLANG_WARN_BOOL_CONVERSION = YES;
				CLANG_WARN_CONSTANT_CONVERSION = YES;
				CLANG_WARN_DIRECT_OBJC_ISA_USAGE = YES_ERROR;
				CLANG_WARN_EMPTY_BODY = YES;
				CLANG_WARN_ENUM_CONVERSION = YES;
				CLANG_WARN_INT_CONVERSION = YES;
				CLANG_WARN_OBJC_ROOT_CLASS = YES_ERROR;
				CLANG_WARN_UNREACHABLE_CODE = YES;
				CLANG_WARN__DUPLICATE_METHOD_MATCH = YES;
				"CODE_SIGN_IDENTITY[sdk=iphoneos*]" = "iPhone Developer";
				COPY_PHASE_STRIP = NO;
				DEBUG_INFORMATION_FORMAT = "dwarf-with-dsym";
				ENABLE_NS_ASSERTIONS = NO;
				ENABLE_STRICT_OBJC_MSGSEND = YES;
				GCC_C_LANGUAGE_STANDARD = gnu99;
				GCC_NO_COMMON_BLOCKS = YES;
				GCC_WARN_64_TO_32_BIT_CONVERSION = YES;
				GCC_WARN_ABOUT_RETURN_TYPE = YES_ERROR;
				GCC_WARN_UNDECLARED_SELECTOR = YES;
				GCC_WARN_UNINITIALIZED_AUTOS = YES_AGGRESSIVE;
				GCC_WARN_UNUSED_FUNCTION = YES;
				GCC_WARN_UNUSED_VARIABLE = YES;
				IPHONEOS_DEPLOYMENT_TARGET = 9.3;
				MTL_ENABLE_DEBUG_INFO = NO;
				SDKROOT = iphoneos;
				VALIDATE_PRODUCT = YES;
			};
			name = Release;
		};
		1BC81F231DC285C90023DA40 /* Debug */ = {
			isa = XCBuildConfiguration;
			buildSettings = {
				ASSETCATALOG_COMPILER_APPICON_NAME = AppIcon;
				INFOPLIST_FILE = PracticingConstraints/Info.plist;
				LD_RUNPATH_SEARCH_PATHS = "$(inherited) @executable_path/Frameworks";
				PRODUCT_BUNDLE_IDENTIFIER = com.first.PracticingConstraints;
				PRODUCT_NAME = "$(TARGET_NAME)";
			};
			name = Debug;
		};
		1BC81F241DC285C90023DA40 /* Release */ = {
			isa = XCBuildConfiguration;
			buildSettings = {
				ASSETCATALOG_COMPILER_APPICON_NAME = AppIcon;
				INFOPLIST_FILE = PracticingConstraints/Info.plist;
				LD_RUNPATH_SEARCH_PATHS = "$(inherited) @executable_path/Frameworks";
				PRODUCT_BUNDLE_IDENTIFIER = com.first.PracticingConstraints;
				PRODUCT_NAME = "$(TARGET_NAME)";
			};
			name = Release;
		};
		1BC81F261DC285C90023DA40 /* Debug */ = {
			isa = XCBuildConfiguration;
			buildSettings = {
				BUNDLE_LOADER = "$(TEST_HOST)";
				INFOPLIST_FILE = PracticingConstraintsTests/Info.plist;
				LD_RUNPATH_SEARCH_PATHS = "$(inherited) @executable_path/Frameworks @loader_path/Frameworks";
				PRODUCT_BUNDLE_IDENTIFIER = com.first.PracticingConstraintsTests;
				PRODUCT_NAME = "$(TARGET_NAME)";
				TEST_HOST = "$(BUILT_PRODUCTS_DIR)/PracticingConstraints.app/PracticingConstraints";
			};
			name = Debug;
		};
		1BC81F271DC285C90023DA40 /* Release */ = {
			isa = XCBuildConfiguration;
			buildSettings = {
				BUNDLE_LOADER = "$(TEST_HOST)";
				INFOPLIST_FILE = PracticingConstraintsTests/Info.plist;
				LD_RUNPATH_SEARCH_PATHS = "$(inherited) @executable_path/Frameworks @loader_path/Frameworks";
				PRODUCT_BUNDLE_IDENTIFIER = com.first.PracticingConstraintsTests;
				PRODUCT_NAME = "$(TARGET_NAME)";
				TEST_HOST = "$(BUILT_PRODUCTS_DIR)/PracticingConstraints.app/PracticingConstraints";
			};
			name = Release;
		};
		1BC81F291DC285C90023DA40 /* Debug */ = {
			isa = XCBuildConfiguration;
			buildSettings = {
				INFOPLIST_FILE = PracticingConstraintsUITests/Info.plist;
				LD_RUNPATH_SEARCH_PATHS = "$(inherited) @executable_path/Frameworks @loader_path/Frameworks";
				PRODUCT_BUNDLE_IDENTIFIER = com.first.PracticingConstraintsUITests;
				PRODUCT_NAME = "$(TARGET_NAME)";
				TEST_TARGET_NAME = PracticingConstraints;
			};
			name = Debug;
		};
		1BC81F2A1DC285C90023DA40 /* Release */ = {
			isa = XCBuildConfiguration;
			buildSettings = {
				INFOPLIST_FILE = PracticingConstraintsUITests/Info.plist;
				LD_RUNPATH_SEARCH_PATHS = "$(inherited) @executable_path/Frameworks @loader_path/Frameworks";
				PRODUCT_BUNDLE_IDENTIFIER = com.first.PracticingConstraintsUITests;
				PRODUCT_NAME = "$(TARGET_NAME)";
				TEST_TARGET_NAME = PracticingConstraints;
			};
			name = Release;
		};
/* End XCBuildConfiguration section */

/* Begin XCConfigurationList section */
		1BC81EF51DC285C80023DA40 /* Build configuration list for PBXProject "PracticingConstraints" */ = {
			isa = XCConfigurationList;
			buildConfigurations = (
				1BC81F201DC285C90023DA40 /* Debug */,
				1BC81F211DC285C90023DA40 /* Release */,
			);
			defaultConfigurationIsVisible = 0;
			defaultConfigurationName = Release;
		};
		1BC81F221DC285C90023DA40 /* Build configuration list for PBXNativeTarget "PracticingConstraints" */ = {
			isa = XCConfigurationList;
			buildConfigurations = (
				1BC81F231DC285C90023DA40 /* Debug */,
				1BC81F241DC285C90023DA40 /* Release */,
			);
			defaultConfigurationIsVisible = 0;
		};
		1BC81F251DC285C90023DA40 /* Build configuration list for PBXNativeTarget "PracticingConstraintsTests" */ = {
			isa = XCConfigurationList;
			buildConfigurations = (
				1BC81F261DC285C90023DA40 /* Debug */,
				1BC81F271DC285C90023DA40 /* Release */,
			);
			defaultConfigurationIsVisible = 0;
		};
		1BC81F281DC285C90023DA40 /* Build configuration list for PBXNativeTarget "PracticingConstraintsUITests" */ = {
			isa = XCConfigurationList;
			buildConfigurations = (
				1BC81F291DC285C90023DA40 /* Debug */,
				1BC81F2A1DC285C90023DA40 /* Release */,
			);
			defaultConfigurationIsVisible = 0;
		};
/* End XCConfigurationList section */
	};
	rootObject = 1BC81EF21DC285C80023DA40 /* Project object */;
}
